
Microsoft Visual Studio Solution File, Format Version 12.00
# Visual Studio Version 17
VisualStudioVersion = 17.10.35027.167
MinimumVisualStudioVersion = 10.0.40219.1
Project("{FAE04EC0-301F-11D3-BF4B-00C04F79EFBC}") = "TecnicoAPI", "TecnicoAPI\TecnicoAPI.csproj", "{3AF99E81-1557-45F0-B0AB-FF5206CE4401}"
EndProject
Project("{FAE04EC0-301F-11D3-BF4B-00C04F79EFBC}") = "Tecnicos.Data", "Tecnicos.Data\Tecnicos.Data.csproj", "{532CA981-EBA6-4F96-9F9F-A5DEC87C174D}"
EndProject
Project("{FAE04EC0-301F-11D3-BF4B-00C04F79EFBC}") = "Tecnicos.Adbtractions", "Tecnicos.Adbtractions\Tecnicos.Adbtractions.csproj", "{C81E9D02-D3A2-4C30-BE83-688E6BC03012}"
EndProject
Project("{FAE04EC0-301F-11D3-BF4B-00C04F79EFBC}") = "Tecnicos.Services", "Tecnicos.Services\Tecnicos.Services.csproj", "{29E8D3AD-3E01-4212-887C-042F81DCAB6E}"
EndProject
Project("{FAE04EC0-301F-11D3-BF4B-00C04F79EFBC}") = "Tecnicos.Domain", "Tecnicos.Domain\Tecnicos.Domain.csproj", "{7CB46569-703D-43BA-9E50-E253FCB30460}"
EndProject
Global
	GlobalSection(SolutionConfigurationPlatforms) = preSolution
		Debug|Any CPU = Debug|Any CPU
		Release|Any CPU = Release|Any CPU
	EndGlobalSection
	GlobalSection(ProjectConfigurationPlatforms) = postSolution
		{3AF99E81-1557-45F0-B0AB-FF5206CE4401}.Debug|Any CPU.ActiveCfg = Debug|Any CPU
		{3AF99E81-1557-45F0-B0AB-FF5206CE4401}.Debug|Any CPU.Build.0 = Debug|Any CPU
		{3AF99E81-1557-45F0-B0AB-FF5206CE4401}.Release|Any CPU.ActiveCfg = Release|Any CPU
		{3AF99E81-1557-45F0-B0AB-FF5206CE4401}.Release|Any CPU.Build.0 = Release|Any CPU
		{532CA981-EBA6-4F96-9F9F-A5DEC87C174D}.Debug|Any CPU.ActiveCfg = Debug|Any CPU
		{532CA981-EBA6-4F96-9F9F-A5DEC87C174D}.Debug|Any CPU.Build.0 = Debug|Any CPU
		{532CA981-EBA6-4F96-9F9F-A5DEC87C174D}.Release|Any CPU.ActiveCfg = Release|Any CPU
		{532CA981-EBA6-4F96-9F9F-A5DEC87C174D}.Release|Any CPU.Build.0 = Release|Any CPU
		{C81E9D02-D3A2-4C30-BE83-688E6BC03012}.Debug|Any CPU.ActiveCfg = Debug|Any CPU
		{C81E9D02-D3A2-4C30-BE83-688E6BC03012}.Debug|Any CPU.Build.0 = Debug|Any CPU
		{C81E9D02-D3A2-4C30-BE83-688E6BC03012}.Release|Any CPU.ActiveCfg = Release|Any CPU
		{C81E9D02-D3A2-4C30-BE83-688E6BC03012}.Release|Any CPU.Build.0 = Release|Any CPU
		{29E8D3AD-3E01-4212-887C-042F81DCAB6E}.Debug|Any CPU.ActiveCfg = Debug|Any CPU
		{29E8D3AD-3E01-4212-887C-042F81DCAB6E}.Debug|Any CPU.Build.0 = Debug|Any CPU
		{29E8D3AD-3E01-4212-887C-042F81DCAB6E}.Release|Any CPU.ActiveCfg = Release|Any CPU
		{29E8D3AD-3E01-4212-887C-042F81DCAB6E}.Release|Any CPU.Build.0 = Release|Any CPU
		{7CB46569-703D-43BA-9E50-E253FCB30460}.Debug|Any CPU.ActiveCfg = Debug|Any CPU
		{7CB46569-703D-43BA-9E50-E253FCB30460}.Debug|Any CPU.Build.0 = Debug|Any CPU
		{7CB46569-703D-43BA-9E50-E253FCB30460}.Release|Any CPU.ActiveCfg = Release|Any CPU
		{7CB46569-703D-43BA-9E50-E253FCB30460}.Release|Any CPU.Build.0 = Release|Any CPU
	EndGlobalSection
	GlobalSection(SolutionProperties) = preSolution
		HideSolutionNode = FALSE
	EndGlobalSection
	GlobalSection(ExtensibilityGlobals) = postSolution
		SolutionGuid = {6B24F3C1-A4F5-4047-89D4-CBA091CD5BD9}
	EndGlobalSection
EndGlobal
